{
	"name": "MMM-HomeAssistant-Rotary",
	"version": "1.0.0",
	"lockfileVersion": 3,
	"requires": true,
	"packages": {
		"": {
			"name": "MMM-HomeAssistant-Rotary",
			"version": "1.0.0",
			"license": "MIT",
			"dependencies": {
				"@iiot2k/gpiox": "^2.1.4"
			}
		},
		"node_modules/@iiot2k/gpiox": {
			"version": "2.1.4",
			"resolved": "https://registry.npmjs.org/@iiot2k/gpiox/-/gpiox-2.1.4.tgz",
			"integrity": "sha512-I6lOwca7boKExue/IzboSzHNupCW/GX1PPkf+jwEZm1rKIBAZ67nKtZlJOKGK44WDg+ZrY9M8F6seZ0PGi9g7g==",
			"cpu": [
				"arm",
				"arm64"
			],
			"license": "Apache-2.0",
			"os": [
				"linux"
			],
			"engines": {
				"node": ">=12.0.0"
			}
		}
	}
}
